// !$*UTF8*$!
{
	archiveVersion = 1;
	classes = {
	};
	objectVersion = 56;
	objects = {

/* Begin PBXBuildFile section */
		0826BAD32B720F1A00A90FDE /* SwiftNetworkMasteringApp.swift in Sources */ = {isa = PBXBuildFile; fileRef = 0826BAD22B720F1A00A90FDE /* SwiftNetworkMasteringApp.swift */; };
		0826BAD52B720F1A00A90FDE /* ContentView.swift in Sources */ = {isa = PBXBuildFile; fileRef = 0826BAD42B720F1A00A90FDE /* ContentView.swift */; };
		0826BAD72B720F1C00A90FDE /* Assets.xcassets in Resources */ = {isa = PBXBuildFile; fileRef = 0826BAD62B720F1C00A90FDE /* Assets.xcassets */; };
		0826BADA2B720F1C00A90FDE /* Preview Assets.xcassets in Resources */ = {isa = PBXBuildFile; fileRef = 0826BAD92B720F1C00A90FDE /* Preview Assets.xcassets */; };
		0826BAE72B7210ED00A90FDE /* CoinViewModel.swift in Sources */ = {isa = PBXBuildFile; fileRef = 0826BAE62B7210ED00A90FDE /* CoinViewModel.swift */; };
		0826BAEA2B72BB2900A90FDE /* CoinDataService.swift in Sources */ = {isa = PBXBuildFile; fileRef = 0826BAE92B72BB2900A90FDE /* CoinDataService.swift */; };
/* End PBXBuildFile section */

/* Begin PBXFileReference section */
		0826BACF2B720F1A00A90FDE /* SwiftNetworkMastering.app */ = {isa = PBXFileReference; explicitFileType = wrapper.application; includeInIndex = 0; path = SwiftNetworkMastering.app; sourceTree = BUILT_PRODUCTS_DIR; };
		0826BAD22B720F1A00A90FDE /* SwiftNetworkMasteringApp.swift */ = {isa = PBXFileReference; lastKnownFileType = sourcecode.swift; path = SwiftNetworkMasteringApp.swift; sourceTree = "<group>"; };
		0826BAD42B720F1A00A90FDE /* ContentView.swift */ = {isa = PBXFileReference; lastKnownFileType = sourcecode.swift; path = ContentView.swift; sourceTree = "<group>"; };
		0826BAD62B720F1C00A90FDE /* Assets.xcassets */ = {isa = PBXFileReference; lastKnownFileType = folder.assetcatalog; path = Assets.xcassets; sourceTree = "<group>"; };
		0826BAD92B720F1C00A90FDE /* Preview Assets.xcassets */ = {isa = PBXFileReference; lastKnownFileType = folder.assetcatalog; path = "Preview Assets.xcassets"; sourceTree = "<group>"; };
		0826BAE62B7210ED00A90FDE /* CoinViewModel.swift */ = {isa = PBXFileReference; lastKnownFileType = sourcecode.swift; path = CoinViewModel.swift; sourceTree = "<group>"; };
		0826BAE92B72BB2900A90FDE /* CoinDataService.swift */ = {isa = PBXFileReference; lastKnownFileType = sourcecode.swift; path = CoinDataService.swift; sourceTree = "<group>"; };
/* End PBXFileReference section */

/* Begin PBXFrameworksBuildPhase section */
		0826BACC2B720F1900A90FDE /* Frameworks */ = {
			isa = PBXFrameworksBuildPhase;
			buildActionMask = 2147483647;
			files = (
			);
			runOnlyForDeploymentPostprocessing = 0;
		};
/* End PBXFrameworksBuildPhase section */

/* Begin PBXGroup section */
		0826BAC62B720F1900A90FDE = {
			isa = PBXGroup;
			children = (
				0826BAD12B720F1A00A90FDE /* SwiftNetworkMastering */,
				0826BAD02B720F1A00A90FDE /* Products */,
			);
			sourceTree = "<group>";
		};
		0826BAD02B720F1A00A90FDE /* Products */ = {
			isa = PBXGroup;
			children = (
				0826BACF2B720F1A00A90FDE /* SwiftNetworkMastering.app */,
			);
			name = Products;
			sourceTree = "<group>";
		};
		0826BAD12B720F1A00A90FDE /* SwiftNetworkMastering */ = {
			isa = PBXGroup;
			children = (
				0826BAE12B720FA800A90FDE /* Core */,
				0826BAE02B720F9F00A90FDE /* App */,
				0826BAD62B720F1C00A90FDE /* Assets.xcassets */,
				0826BAD82B720F1C00A90FDE /* Preview Content */,
			);
			path = SwiftNetworkMastering;
			sourceTree = "<group>";
		};
		0826BAD82B720F1C00A90FDE /* Preview Content */ = {
			isa = PBXGroup;
			children = (
				0826BAD92B720F1C00A90FDE /* Preview Assets.xcassets */,
			);
			path = "Preview Content";
			sourceTree = "<group>";
		};
		0826BAE02B720F9F00A90FDE /* App */ = {
			isa = PBXGroup;
			children = (
				0826BAD22B720F1A00A90FDE /* SwiftNetworkMasteringApp.swift */,
			);
			path = App;
			sourceTree = "<group>";
		};
		0826BAE12B720FA800A90FDE /* Core */ = {
			isa = PBXGroup;
			children = (
				0826BAE22B720FAF00A90FDE /* AllCoin */,
			);
			path = Core;
			sourceTree = "<group>";
		};
		0826BAE22B720FAF00A90FDE /* AllCoin */ = {
			isa = PBXGroup;
			children = (
				0826BAE82B72BB1800A90FDE /* Service */,
				0826BAE32B720FC100A90FDE /* Model */,
				0826BAE42B720FC500A90FDE /* View */,
				0826BAE52B720FCB00A90FDE /* ViewModel */,
			);
			path = AllCoin;
			sourceTree = "<group>";
		};
		0826BAE32B720FC100A90FDE /* Model */ = {
			isa = PBXGroup;
			children = (
			);
			path = Model;
			sourceTree = "<group>";
		};
		0826BAE42B720FC500A90FDE /* View */ = {
			isa = PBXGroup;
			children = (
				0826BAD42B720F1A00A90FDE /* ContentView.swift */,
			);
			path = View;
			sourceTree = "<group>";
		};
		0826BAE52B720FCB00A90FDE /* ViewModel */ = {
			isa = PBXGroup;
			children = (
				0826BAE62B7210ED00A90FDE /* CoinViewModel.swift */,
			);
			path = ViewModel;
			sourceTree = "<group>";
		};
		0826BAE82B72BB1800A90FDE /* Service */ = {
			isa = PBXGroup;
			children = (
				0826BAE92B72BB2900A90FDE /* CoinDataService.swift */,
			);
			path = Service;
			sourceTree = "<group>";
		};
/* End PBXGroup section */

/* Begin PBXNativeTarget section */
		0826BACE2B720F1900A90FDE /* SwiftNetworkMastering */ = {
			isa = PBXNativeTarget;
			buildConfigurationList = 0826BADD2B720F1C00A90FDE /* Build configuration list for PBXNativeTarget "SwiftNetworkMastering" */;
			buildPhases = (
				0826BACB2B720F1900A90FDE /* Sources */,
				0826BACC2B720F1900A90FDE /* Frameworks */,
				0826BACD2B720F1900A90FDE /* Resources */,
			);
			buildRules = (
			);
			dependencies = (
			);
			name = SwiftNetworkMastering;
			productName = SwiftNetworkMastering;
			productReference = 0826BACF2B720F1A00A90FDE /* SwiftNetworkMastering.app */;
			productType = "com.apple.product-type.application";
		};
/* End PBXNativeTarget section */

/* Begin PBXProject section */
		0826BAC72B720F1900A90FDE /* Project object */ = {
			isa = PBXProject;
			attributes = {
				BuildIndependentTargetsInParallel = 1;
				LastSwiftUpdateCheck = 1520;
				LastUpgradeCheck = 1520;
				TargetAttributes = {
					0826BACE2B720F1900A90FDE = {
						CreatedOnToolsVersion = 15.2;
					};
				};
			};
			buildConfigurationList = 0826BACA2B720F1900A90FDE /* Build configuration list for PBXProject "SwiftNetworkMastering" */;
			compatibilityVersion = "Xcode 14.0";
			developmentRegion = en;
			hasScannedForEncodings = 0;
			knownRegions = (
				en,
				Base,
			);
			mainGroup = 0826BAC62B720F1900A90FDE;
			productRefGroup = 0826BAD02B720F1A00A90FDE /* Products */;
			projectDirPath = "";
			projectRoot = "";
			targets = (
				0826BACE2B720F1900A90FDE /* SwiftNetworkMastering */,
			);
		};
/* End PBXProject section */

/* Begin PBXResourcesBuildPhase section */
		0826BACD2B720F1900A90FDE /* Resources */ = {
			isa = PBXResourcesBuildPhase;
			buildActionMask = 2147483647;
			files = (
				0826BADA2B720F1C00A90FDE /* Preview Assets.xcassets in Resources */,
				0826BAD72B720F1C00A90FDE /* Assets.xcassets in Resources */,
			);
			runOnlyForDeploymentPostprocessing = 0;
		};
/* End PBXResourcesBuildPhase section */

/* Begin PBXSourcesBuildPhase section */
		0826BACB2B720F1900A90FDE /* Sources */ = {
			isa = PBXSourcesBuildPhase;
			buildActionMask = 2147483647;
			files = (
				0826BAEA2B72BB2900A90FDE /* CoinDataService.swift in Sources */,
				0826BAE72B7210ED00A90FDE /* CoinViewModel.swift in Sources */,
				0826BAD52B720F1A00A90FDE /* ContentView.swift in Sources */,
				0826BAD32B720F1A00A90FDE /* SwiftNetworkMasteringApp.swift in Sources */,
			);
			runOnlyForDeploymentPostprocessing = 0;
		};
/* End PBXSourcesBuildPhase section */

/* Begin XCBuildConfiguration section */
		0826BADB2B720F1C00A90FDE /* Debug */ = {
			isa = XCBuildConfiguration;
			buildSettings = {
				ALWAYS_SEARCH_USER_PATHS = NO;
				ASSETCATALOG_COMPILER_GENERATE_SWIFT_ASSET_SYMBOL_EXTENSIONS = YES;
				CLANG_ANALYZER_NONNULL = YES;
				CLANG_ANALYZER_NUMBER_OBJECT_CONVERSION = YES_AGGRESSIVE;
				CLANG_CXX_LANGUAGE_STANDARD = "gnu++20";
				CLANG_ENABLE_MODULES = YES;
				CLANG_ENABLE_OBJC_ARC = YES;
				CLANG_ENABLE_OBJC_WEAK = YES;
				CLANG_WARN_BLOCK_CAPTURE_AUTORELEASING = YES;
				CLANG_WARN_BOOL_CONVERSION = YES;
				CLANG_WARN_COMMA = YES;
				CLANG_WARN_CONSTANT_CONVERSION = YES;
				CLANG_WARN_DEPRECATED_OBJC_IMPLEMENTATIONS = YES;
				CLANG_WARN_DIRECT_OBJC_ISA_USAGE = YES_ERROR;
				CLANG_WARN_DOCUMENTATION_COMMENTS = YES;
				CLANG_WARN_EMPTY_BODY = YES;
				CLANG_WARN_ENUM_CONVERSION = YES;
				CLANG_WARN_INFINITE_RECURSION = YES;
				CLANG_WARN_INT_CONVERSION = YES;
				CLANG_WARN_NON_LITERAL_NULL_CONVERSION = YES;
				CLANG_WARN_OBJC_IMPLICIT_RETAIN_SELF = YES;
				CLANG_WARN_OBJC_LITERAL_CONVERSION = YES;
				CLANG_WARN_OBJC_ROOT_CLASS = YES_ERROR;
				CLANG_WARN_QUOTED_INCLUDE_IN_FRAMEWORK_HEADER = YES;
				CLANG_WARN_RANGE_LOOP_ANALYSIS = YES;
				CLANG_WARN_STRICT_PROTOTYPES = YES;
				CLANG_WARN_SUSPICIOUS_MOVE = YES;
				CLANG_WARN_UNGUARDED_AVAILABILITY = YES_AGGRESSIVE;
				CLANG_WARN_UNREACHABLE_CODE = YES;
				CLANG_WARN__DUPLICATE_METHOD_MATCH = YES;
				COPY_PHASE_STRIP = NO;
				DEBUG_INFORMATION_FORMAT = dwarf;
				ENABLE_STRICT_OBJC_MSGSEND = YES;
				ENABLE_TESTABILITY = YES;
				ENABLE_USER_SCRIPT_SANDBOXING = YES;
				GCC_C_LANGUAGE_STANDARD = gnu17;
				GCC_DYNAMIC_NO_PIC = NO;
				GCC_NO_COMMON_BLOCKS = YES;
				GCC_OPTIMIZATION_LEVEL = 0;
				GCC_PREPROCESSOR_DEFINITIONS = (
					"DEBUG=1",
					"$(inherited)",
				);
				GCC_WARN_64_TO_32_BIT_CONVERSION = YES;
				GCC_WARN_ABOUT_RETURN_TYPE = YES_ERROR;
				GCC_WARN_UNDECLARED_SELECTOR = YES;
				GCC_WARN_UNINITIALIZED_AUTOS = YES_AGGRESSIVE;
				GCC_WARN_UNUSED_FUNCTION = YES;
				GCC_WARN_UNUSED_VARIABLE = YES;
				IPHONEOS_DEPLOYMENT_TARGET = 17.2;
				LOCALIZATION_PREFERS_STRING_CATALOGS = YES;
				MTL_ENABLE_DEBUG_INFO = INCLUDE_SOURCE;
				MTL_FAST_MATH = YES;
				ONLY_ACTIVE_ARCH = YES;
				SDKROOT = iphoneos;
				SWIFT_ACTIVE_COMPILATION_CONDITIONS = "DEBUG $(inherited)";
				SWIFT_OPTIMIZATION_LEVEL = "-Onone";
			};
			name = Debug;
		};
		0826BADC2B720F1C00A90FDE /* Release */ = {
			isa = XCBuildConfiguration;
			buildSettings = {
				ALWAYS_SEARCH_USER_PATHS = NO;
				ASSETCATALOG_COMPILER_GENERATE_SWIFT_ASSET_SYMBOL_EXTENSIONS = YES;
				CLANG_ANALYZER_NONNULL = YES;
				CLANG_ANALYZER_NUMBER_OBJECT_CONVERSION = YES_AGGRESSIVE;
				CLANG_CXX_LANGUAGE_STANDARD = "gnu++20";
				CLANG_ENABLE_MODULES = YES;
				CLANG_ENABLE_OBJC_ARC = YES;
				CLANG_ENABLE_OBJC_WEAK = YES;
				CLANG_WARN_BLOCK_CAPTURE_AUTORELEASING = YES;
				CLANG_WARN_BOOL_CONVERSION = YES;
				CLANG_WARN_COMMA = YES;
				CLANG_WARN_CONSTANT_CONVERSION = YES;
				CLANG_WARN_DEPRECATED_OBJC_IMPLEMENTATIONS = YES;
				CLANG_WARN_DIRECT_OBJC_ISA_USAGE = YES_ERROR;
				CLANG_WARN_DOCUMENTATION_COMMENTS = YES;
				CLANG_WARN_EMPTY_BODY = YES;
				CLANG_WARN_ENUM_CONVERSION = YES;
				CLANG_WARN_INFINITE_RECURSION = YES;
				CLANG_WARN_INT_CONVERSION = YES;
				CLANG_WARN_NON_LITERAL_NULL_CONVERSION = YES;
				CLANG_WARN_OBJC_IMPLICIT_RETAIN_SELF = YES;
				CLANG_WARN_OBJC_LITERAL_CONVERSION = YES;
				CLANG_WARN_OBJC_ROOT_CLASS = YES_ERROR;
				CLANG_WARN_QUOTED_INCLUDE_IN_FRAMEWORK_HEADER = YES;
				CLANG_WARN_RANGE_LOOP_ANALYSIS = YES;
				CLANG_WARN_STRICT_PROTOTYPES = YES;
				CLANG_WARN_SUSPICIOUS_MOVE = YES;
				CLANG_WARN_UNGUARDED_AVAILABILITY = YES_AGGRESSIVE;
				CLANG_WARN_UNREACHABLE_CODE = YES;
				CLANG_WARN__DUPLICATE_METHOD_MATCH = YES;
				COPY_PHASE_STRIP = NO;
				DEBUG_INFORMATION_FORMAT = "dwarf-with-dsym";
				ENABLE_NS_ASSERTIONS = NO;
				ENABLE_STRICT_OBJC_MSGSEND = YES;
				ENABLE_USER_SCRIPT_SANDBOXING = YES;
				GCC_C_LANGUAGE_STANDARD = gnu17;
				GCC_NO_COMMON_BLOCKS = YES;
				GCC_WARN_64_TO_32_BIT_CONVERSION = YES;
				GCC_WARN_ABOUT_RETURN_TYPE = YES_ERROR;
				GCC_WARN_UNDECLARED_SELECTOR = YES;
				GCC_WARN_UNINITIALIZED_AUTOS = YES_AGGRESSIVE;
				GCC_WARN_UNUSED_FUNCTION = YES;
				GCC_WARN_UNUSED_VARIABLE = YES;
				IPHONEOS_DEPLOYMENT_TARGET = 17.2;
				LOCALIZATION_PREFERS_STRING_CATALOGS = YES;
				MTL_ENABLE_DEBUG_INFO = NO;
				MTL_FAST_MATH = YES;
				SDKROOT = iphoneos;
				SWIFT_COMPILATION_MODE = wholemodule;
				VALIDATE_PRODUCT = YES;
			};
			name = Release;
		};
		0826BADE2B720F1C00A90FDE /* Debug */ = {
			isa = XCBuildConfiguration;
			buildSettings = {
				ASSETCATALOG_COMPILER_APPICON_NAME = AppIcon;
				ASSETCATALOG_COMPILER_GLOBAL_ACCENT_COLOR_NAME = AccentColor;
				CODE_SIGN_STYLE = Automatic;
				CURRENT_PROJECT_VERSION = 1;
				DEVELOPMENT_ASSET_PATHS = "\"SwiftNetworkMastering/Preview Content\"";
				DEVELOPMENT_TEAM = RDNPK2Q663;
				ENABLE_PREVIEWS = YES;
				GENERATE_INFOPLIST_FILE = YES;
				INFOPLIST_KEY_UIApplicationSceneManifest_Generation = YES;
				INFOPLIST_KEY_UIApplicationSupportsIndirectInputEvents = YES;
				INFOPLIST_KEY_UILaunchScreen_Generation = YES;
				INFOPLIST_KEY_UISupportedInterfaceOrientations_iPad = "UIInterfaceOrientationPortrait UIInterfaceOrientationPortraitUpsideDown UIInterfaceOrientationLandscapeLeft UIInterfaceOrientationLandscapeRight";
				INFOPLIST_KEY_UISupportedInterfaceOrientations_iPhone = "UIInterfaceOrientationPortrait UIInterfaceOrientationLandscapeLeft UIInterfaceOrientationLandscapeRight";
				IPHONEOS_DEPLOYMENT_TARGET = 16.0;
				LD_RUNPATH_SEARCH_PATHS = (
					"$(inherited)",
					"@executable_path/Frameworks",
				);
				MARKETING_VERSION = 1.0;
				PRODUCT_BUNDLE_IDENTIFIER = me.kambiz.SwiftNetworkMastering;
				PRODUCT_NAME = "$(TARGET_NAME)";
				SWIFT_EMIT_LOC_STRINGS = YES;
				SWIFT_VERSION = 5.0;
				TARGETED_DEVICE_FAMILY = "1,2";
			};
			name = Debug;
		};
		0826BADF2B720F1C00A90FDE /* Release */ = {
			isa = XCBuildConfiguration;
			buildSettings = {
				ASSETCATALOG_COMPILER_APPICON_NAME = AppIcon;
				ASSETCATALOG_COMPILER_GLOBAL_ACCENT_COLOR_NAME = AccentColor;
				CODE_SIGN_STYLE = Automatic;
				CURRENT_PROJECT_VERSION = 1;
				DEVELOPMENT_ASSET_PATHS = "\"SwiftNetworkMastering/Preview Content\"";
				DEVELOPMENT_TEAM = RDNPK2Q663;
				ENABLE_PREVIEWS = YES;
				GENERATE_INFOPLIST_FILE = YES;
				INFOPLIST_KEY_UIApplicationSceneManifest_Generation = YES;
				INFOPLIST_KEY_UIApplicationSupportsIndirectInputEvents = YES;
				INFOPLIST_KEY_UILaunchScreen_Generation = YES;
				INFOPLIST_KEY_UISupportedInterfaceOrientations_iPad = "UIInterfaceOrientationPortrait UIInterfaceOrientationPortraitUpsideDown UIInterfaceOrientationLandscapeLeft UIInterfaceOrientationLandscapeRight";
				INFOPLIST_KEY_UISupportedInterfaceOrientations_iPhone = "UIInterfaceOrientationPortrait UIInterfaceOrientationLandscapeLeft UIInterfaceOrientationLandscapeRight";
				IPHONEOS_DEPLOYMENT_TARGET = 16.0;
				LD_RUNPATH_SEARCH_PATHS = (
					"$(inherited)",
					"@executable_path/Frameworks",
				);
				MARKETING_VERSION = 1.0;
				PRODUCT_BUNDLE_IDENTIFIER = me.kambiz.SwiftNetworkMastering;
				PRODUCT_NAME = "$(TARGET_NAME)";
				SWIFT_EMIT_LOC_STRINGS = YES;
				SWIFT_VERSION = 5.0;
				TARGETED_DEVICE_FAMILY = "1,2";
			};
			name = Release;
		};
/* End XCBuildConfiguration section */

/* Begin XCConfigurationList section */
		0826BACA2B720F1900A90FDE /* Build configuration list for PBXProject "SwiftNetworkMastering" */ = {
			isa = XCConfigurationList;
			buildConfigurations = (
				0826BADB2B720F1C00A90FDE /* Debug */,
				0826BADC2B720F1C00A90FDE /* Release */,
			);
			defaultConfigurationIsVisible = 0;
			defaultConfigurationName = Release;
		};
		0826BADD2B720F1C00A90FDE /* Build configuration list for PBXNativeTarget "SwiftNetworkMastering" */ = {
			isa = XCConfigurationList;
			buildConfigurations = (
				0826BADE2B720F1C00A90FDE /* Debug */,
				0826BADF2B720F1C00A90FDE /* Release */,
			);
			defaultConfigurationIsVisible = 0;
			defaultConfigurationName = Release;
		};
/* End XCConfigurationList section */
	};
	rootObject = 0826BAC72B720F1900A90FDE /* Project object */;
}
